{
    "_meta": {
        "hash": {
            "sha256": "a369fd236406cda602cae7b3342c83edc741cce519b6e4efd69f2e579b8271d1"
        },
        "pipfile-spec": 6,
        "requires": {
            "python_version": "3.7"
        },
        "sources": [
            {
                "name": "pypi",
                "url": "https://pypi.org/simple",
                "verify_ssl": true
            }
        ]
    },
    "default": {
        "alembic": {
            "hashes": [
                "sha256:8a259f0a4c8b350b03579d77ce9e810b19c65bf0af05f84efb69af13ad50801e",
                "sha256:e27fd67732c97a1c370c33169ef4578cf96436fa0e7dcfaeeef4a917d0737d56"
            ],
            "version": "==1.5.8"
        },
        "aniso8601": {
            "hashes": [
                "sha256:1d2b7ef82963909e93c4f24ce48d4de9e66009a21bf1c1e1c85bdd0812fe412f",
                "sha256:72e3117667eedf66951bb2d93f4296a56b94b078a8a95905a052611fb3f1b973"
            ],
            "version": "==9.0.1"
        },
        "antiorm": {
            "hashes": [
                "sha256:96eb1841ce5163db4cf1dc13f4499ec2d7cffc190cf724b78ffdd3e6b7c4ff93"
            ],
            "version": "==1.2.1"
        },
        "api": {
            "hashes": [
                "sha256:ef1a7d9122c76edf9dc28edd3acfbb56f919194b609191481efc12e9ef83a68d"
            ],
            "index": "pypi",
            "version": "==0.0.7"
        },
        "attrs": {
            "hashes": [
                "sha256:31b2eced602aa8423c2aea9c76a724617ed67cf9513173fd3a4f03e3a929c7e6",
                "sha256:832aa3cde19744e49938b91fea06d69ecb9e649c93ba974535d08ad92164f700"
            ],
            "version": "==20.3.0"
        },
        "auth": {
            "hashes": [
                "sha256:da6af75ceb503964c5003c2f22a49ac8334e2f1b01941b6cfe6871024654c905",
                "sha256:fbb863640f3070356b833914d9bf12a3d74012e5bb132bc84aa51e41052ace3f"
            ],
            "index": "pypi",
            "version": "==0.5.3"
        },
        "blinker": {
            "hashes": [
                "sha256:471aee25f3992bd325afa3772f1063dbdbbca947a041b8b89466dc00d606f8b6"
            ],
            "version": "==1.4"
        },
        "certifi": {
            "hashes": [
                "sha256:1a4995114262bffbc2413b159f2a1a480c969de6e6eb13ee966d470af86af59c",
                "sha256:719a74fb9e33b9bd44cc7f3a8d94bc35e4049deebe19ba7d8e108280cfd59830"
            ],
            "version": "==2020.12.5"
        },
        "chardet": {
            "hashes": [
                "sha256:0d6f53a15db4120f2b08c94f11e7d93d2c911ee118b6b30a04ec3ee8310179fa",
                "sha256:f864054d66fd9118f2e67044ac8981a54775ec5b67aed0441892edb553d21da5"
            ],
            "version": "==4.0.0"
        },
        "click": {
            "hashes": [
                "sha256:d2b5255c7c6349bc1bd1e59e08cd12acbbd63ce649f2588755783aa94dfb6b1a",
                "sha256:dacca89f4bfadd5de3d7489b7c8a566eee0d3676333fbb50030263894c38c0dc"
            ],
            "version": "==7.1.2"
        },
        "db": {
            "hashes": [
                "sha256:980e772f15c1161d3b287ffec4f144e40961b0b3e6d5102809577870bf6c5808"
            ],
            "index": "pypi",
            "version": "==0.1.1"
        },
        "dnspython": {
            "hashes": [
                "sha256:36c5e8e38d4369a08b6780b7f27d790a292b2b08eea01607865bf0936c558e01",
                "sha256:f69c21288a962f4da86e56c4905b49d11aba7938d3d740e80d9e366ee4f1632d"
            ],
            "version": "==1.16.0"
        },
        "eventlet": {
            "hashes": [
                "sha256:1811b122d9a45eb5bafba092d36911bca825f835cb648a862bbf984030acff9d",
                "sha256:89cc6dbfef47c4629cefead5fde21c5f2b33464d57f7df5fc5148f8b4de3fbb5"
            ],
            "version": "==0.30.2"
        },
        "falcon": {
            "hashes": [
                "sha256:0931f152083136f311bb4714d0896c45a9dbb6e41193524c1e46e49601f3cf1a",
                "sha256:0bb2cd012b54bbc09e721d6c1c469c9fc65801938796dda9cb478595d3fe0102",
                "sha256:0f8dd3ac65843d783e3491ad9c822a469683cc759298cf772b1aef98cba7a0a6",
                "sha256:18345b954e33bfc9f6307eba3e04036db0706cb74c7162ed306174fb334efd97",
                "sha256:1acb58a52edea4d85ec5cf80e8ae2d4a5c12d12c4f48f98ba921876241a7f485",
                "sha256:1d6074a7f8d3f5b4cd6b10e0da5e6051e3b842fb4173f61a7bd9480c5d3830ce",
                "sha256:1f9cdda87bd0b44a5a4bf64c38899519b373aa5d12cb48e655a568b2003229d6",
                "sha256:20fc821c9a9a9f60559db80c9dca5921e8717bafcc2d385b2add1d9fcda6b70b",
                "sha256:25b126a043a2af50d78d20da88d202d75f6db74a51922a7d091cd0c6cc3cf226",
                "sha256:2bea37ecae785e5b414c4e6c2a28b0f7b7713603f4609751922b92363911f506",
                "sha256:31ffc922664e591a617e4626aa8ce5be4249c5ac90c9a8bf51aec0c8136c4945",
                "sha256:3703e351ce9ff3234934e48d3eaa4f531fc599cea06c705ff4f424401dc8c782",
                "sha256:3ae8b3dfac661827f3f7adb00967b9713ff7d3cd6e145a211580e53bace1b90e",
                "sha256:46590d87f63f1acb51a54da76680971e2a882b4ffc075ee6eea8a9cda09e8b3e",
                "sha256:4f3ca5f43e945963dd5947f8b5d73771362c94be726a6b55d7e98e37c242d739",
                "sha256:55aeee10314c71cd712856229327c958e852f6ebffaec4f15f7747f1fce2b768",
                "sha256:5a6d5ea9b22f768306e51260d40260b6c5fa4eb42247a4af21a3ed477ce1891b",
                "sha256:5c077bc5c7a2a813d5bc627033dcbd93e9942a412c51ceae99553c0eb1f57353",
                "sha256:60c078bd382336afbe355d23d278b34f9b993e54f1273c17825b7efd37d95e1f",
                "sha256:71240ccb1ea844508b338e52c0bcc14dc26c5f69ac135f394e438fa7757c9932",
                "sha256:756ceeb2eea5a90d9fdc5d98772b3588abcb51568f7196cb96a7530d4d9732d1",
                "sha256:760e537d8420d2388b792a72cea995c7e97d15bae47bd8f23144d4e4b31f8c2b",
                "sha256:7d6bbe61057fca5856c80eac7f8b66e2c3f1c08ae316e00097e969a64f2b0317",
                "sha256:80911b9d5d81a1214a6de7935596d19f95b5f6895497c788fe789d013ce55e0c",
                "sha256:8d7c3d52ae4590ddfa0b3d9c75d44ab573340a5e78d72ee687712e757ac53929",
                "sha256:8e2425e23bdc93477b8f9eb762f6a8e0db8dcd4f5504e9fc16e9730214c8a7b1",
                "sha256:a0fcfdc88991c3b15b82126532be3ba7560d9855565a0892d7a0043c64ae0ba6",
                "sha256:a482859138954b6f08132ba2d8be3d7f8f9e1b15cf62e4835b724ad7040e857c",
                "sha256:a6b4d78fef4b8a59333f6a08315bb757d38406e8f25b9289fe2d5f057e5431a6",
                "sha256:a934a65b7e0d15b44b0d25c17027a8a6b8f37e4320ad39318654673bb73e7d30",
                "sha256:b875f1b293056ffe4a30f0b9e126a7b3a62e4fa4cc30f96a301d9a95636e0107",
                "sha256:bfc475355b110d355f007702fb5d5da98f96051541e24385d5d3a94f7f71d044",
                "sha256:c2a015ce7a81e24a3ce87461e01cac8607f71b76942edc2d65cdbe9e7b9eda64",
                "sha256:d334ad5a5d1abdd04df642f0cc1b29e2644736e081b9c06a7819b7b469ce21d9",
                "sha256:e37531b2dc1552160813562e8c0ffd45e45e08d8c57c125257f227cb4a9bba55",
                "sha256:ed47e10a7f85458163bb9190c6f7202a3c101ebcd085f9972abc8912ddb50ee9"
            ],
            "version": "==3.0.0"
        },
        "flask": {
            "hashes": [
                "sha256:13f9f196f330c7c2c5d7a5cf91af894110ca0215ac051b5844701f2bfd934d52",
                "sha256:45eb5a6fd193d6cf7e0cf5d8a5b31f83d5faae0293695626f539a823e93b13f6"
            ],
            "index": "pypi",
            "version": "==1.1.1"
        },
        "flask-marshmallow": {
            "hashes": [
                "sha256:4f507f883838b397638a3a36c7d36ee146b255a49db952f5d9de3f6f4522e8a8",
                "sha256:69e99e3a123393894884a032ae2d11e6bdf4519a505819b66cec7eda32057741"
            ],
            "index": "pypi",
            "version": "==0.10.1"
        },
        "flask-migrate": {
            "hashes": [
                "sha256:6fb038be63d4c60727d5dfa5f581a6189af5b4e2925bc378697b4f0a40cfb4e1",
                "sha256:a96ff1875a49a40bd3e8ac04fce73fdb0870b9211e6168608cbafa4eb839d502"
            ],
            "index": "pypi",
            "version": "==2.5.2"
        },
        "flask-restplus": {
            "hashes": [
                "sha256:a15d251923a8feb09a5d805c2f4d188555910a42c64d58f7dd281b8cac095f1b",
                "sha256:a66e442d0bca08f389fc3d07b4d808fc89961285d12fb8013f7cf15516fa9f5c"
            ],
            "index": "pypi",
            "version": "==0.13.0"
        },
        "flask-sqlalchemy": {
            "hashes": [
                "sha256:0078d8663330dc05a74bc72b3b6ddc441b9a744e2f56fe60af1a5bfc81334327",
                "sha256:6974785d913666587949f7c2946f7001e4fa2cb2d19f4e69ead02e4b8f50b33d"
            ],
            "index": "pypi",
            "version": "==2.4.1"
        },
        "greenlet": {
            "hashes": [
                "sha256:0a77691f0080c9da8dfc81e23f4e3cffa5accf0f5b56478951016d7cfead9196",
                "sha256:0ddd77586553e3daf439aa88b6642c5f252f7ef79a39271c25b1d4bf1b7cbb85",
                "sha256:111cfd92d78f2af0bc7317452bd93a477128af6327332ebf3c2be7df99566683",
                "sha256:122c63ba795fdba4fc19c744df6277d9cfd913ed53d1a286f12189a0265316dd",
                "sha256:181300f826625b7fd1182205b830642926f52bd8cdb08b34574c9d5b2b1813f7",
                "sha256:1a1ada42a1fd2607d232ae11a7b3195735edaa49ea787a6d9e6a53afaf6f3476",
                "sha256:1bb80c71de788b36cefb0c3bb6bfab306ba75073dbde2829c858dc3ad70f867c",
                "sha256:1d1d4473ecb1c1d31ce8fd8d91e4da1b1f64d425c1dc965edc4ed2a63cfa67b2",
                "sha256:292e801fcb3a0b3a12d8c603c7cf340659ea27fd73c98683e75800d9fd8f704c",
                "sha256:2c65320774a8cd5fdb6e117c13afa91c4707548282464a18cf80243cf976b3e6",
                "sha256:4365eccd68e72564c776418c53ce3c5af402bc526fe0653722bc89efd85bf12d",
                "sha256:5352c15c1d91d22902582e891f27728d8dac3bd5e0ee565b6a9f575355e6d92f",
                "sha256:58ca0f078d1c135ecf1879d50711f925ee238fe773dfe44e206d7d126f5bc664",
                "sha256:5d4030b04061fdf4cbc446008e238e44936d77a04b2b32f804688ad64197953c",
                "sha256:5d69bbd9547d3bc49f8a545db7a0bd69f407badd2ff0f6e1a163680b5841d2b0",
                "sha256:5f297cb343114b33a13755032ecf7109b07b9a0020e841d1c3cedff6602cc139",
                "sha256:62afad6e5fd70f34d773ffcbb7c22657e1d46d7fd7c95a43361de979f0a45aef",
                "sha256:647ba1df86d025f5a34043451d7c4a9f05f240bee06277a524daad11f997d1e7",
                "sha256:719e169c79255816cdcf6dccd9ed2d089a72a9f6c42273aae12d55e8d35bdcf8",
                "sha256:7cd5a237f241f2764324396e06298b5dee0df580cf06ef4ada0ff9bff851286c",
                "sha256:875d4c60a6299f55df1c3bb870ebe6dcb7db28c165ab9ea6cdc5d5af36bb33ce",
                "sha256:90b6a25841488cf2cb1c8623a53e6879573010a669455046df5f029d93db51b7",
                "sha256:94620ed996a7632723a424bccb84b07e7b861ab7bb06a5aeb041c111dd723d36",
                "sha256:b5f1b333015d53d4b381745f5de842f19fe59728b65f0fbb662dafbe2018c3a5",
                "sha256:c5b22b31c947ad8b6964d4ed66776bcae986f73669ba50620162ba7c832a6b6a",
                "sha256:c93d1a71c3fe222308939b2e516c07f35a849c5047f0197442a4d6fbcb4128ee",
                "sha256:cdb90267650c1edb54459cdb51dab865f6c6594c3a47ebd441bc493360c7af70",
                "sha256:cfd06e0f0cc8db2a854137bd79154b61ecd940dce96fad0cba23fe31de0b793c",
                "sha256:d3789c1c394944084b5e57c192889985a9f23bd985f6d15728c745d380318128",
                "sha256:da7d09ad0f24270b20f77d56934e196e982af0d0a2446120cb772be4e060e1a2",
                "sha256:df3e83323268594fa9755480a442cabfe8d82b21aba815a71acf1bb6c1776218",
                "sha256:df8053867c831b2643b2c489fe1d62049a98566b1646b194cc815f13e27b90df",
                "sha256:e1128e022d8dce375362e063754e129750323b67454cac5600008aad9f54139e",
                "sha256:e6e9fdaf6c90d02b95e6b0709aeb1aba5affbbb9ccaea5502f8638e4323206be",
                "sha256:eac8803c9ad1817ce3d8d15d1bb82c2da3feda6bee1153eec5c58fa6e5d3f770",
                "sha256:eb333b90036358a0e2c57373f72e7648d7207b76ef0bd00a4f7daad1f79f5203",
                "sha256:ed1d1351f05e795a527abc04a0d82e9aecd3bdf9f46662c36ff47b0b00ecaf06",
                "sha256:f3dc68272990849132d6698f7dc6df2ab62a88b0d36e54702a8fd16c0490e44f",
                "sha256:f59eded163d9752fd49978e0bab7a1ff21b1b8d25c05f0995d140cc08ac83379",
                "sha256:f5e2d36c86c7b03c94b8459c3bd2c9fe2c7dab4b258b8885617d44a22e453fb7",
                "sha256:f6f65bf54215e4ebf6b01e4bb94c49180a589573df643735107056f7a910275b",
                "sha256:f8450d5ef759dbe59f84f2c9f77491bb3d3c44bc1a573746daf086e70b14c243",
                "sha256:f97d83049715fd9dec7911860ecf0e17b48d8725de01e45de07d8ac0bd5bc378"
            ],
            "markers": "python_version >= '3'",
            "version": "==1.0.0"
        },
        "gunicorn": {
            "hashes": [
                "sha256:9dcc4547dbb1cb284accfb15ab5667a0e5d1881cc443e0677b4882a4067a807e",
                "sha256:e0a968b5ba15f8a328fdfd7ab1fcb5af4470c28aaf7e55df02a99bc13138e6e8"
            ],
            "version": "==20.1.0"
        },
        "idna": {
            "hashes": [
                "sha256:b307872f855b18632ce0c21c5e45be78c0ea7ae4c15c828c20788b26921eb3f6",
                "sha256:b97d804b1e9b523befed77c48dacec60e6dcb0b5391d57af6a65a312a90648c0"
            ],
            "version": "==2.10"
        },
        "importlib-metadata": {
            "hashes": [
                "sha256:8c501196e49fb9df5df43833bdb1e4328f64847763ec8a50703148b73784d581",
                "sha256:d7eb1dea6d6a6086f8be21784cc9e3bcfa55872b52309bc5fad53a8ea444465d"
            ],
            "markers": "python_version < '3.8'",
            "version": "==4.0.1"
        },
        "itsdangerous": {
            "hashes": [
                "sha256:321b033d07f2a4136d3ec762eac9f16a10ccd60f53c0c91af90217ace7ba1f19",
                "sha256:b12271b2047cb23eeb98c8b5622e2e5c5e9abd9784a153e9d8ef9cb4dd09d749"
            ],
            "version": "==1.1.0"
        },
        "jinja2": {
            "hashes": [
                "sha256:03e47ad063331dd6a3f04a43eddca8a966a26ba0c5b7207a9a9e4e08f1b29419",
                "sha256:a6d58433de0ae800347cab1fa3043cebbabe8baa9d29e668f1c768cb87a333c6"
            ],
            "version": "==2.11.3"
        },
        "jsonschema": {
            "hashes": [
                "sha256:4e5b3cf8216f577bee9ce139cbe72eca3ea4f292ec60928ff24758ce626cd163",
                "sha256:c8a85b28d377cc7737e46e2d9f2b4f44ee3c0e1deac6bf46ddefc7187d30797a"
            ],
            "version": "==3.2.0"
        },
        "mako": {
            "hashes": [
                "sha256:17831f0b7087c313c0ffae2bcbbd3c1d5ba9eeac9c38f2eb7b50e8c99fe9d5ab",
                "sha256:aea166356da44b9b830c8023cd9b557fa856bd8b4035d6de771ca027dfc5cc6e"
            ],
            "version": "==1.1.4"
        },
        "markupsafe": {
            "hashes": [
                "sha256:00bc623926325b26bb9605ae9eae8a215691f33cae5df11ca5424f06f2d1f473",
                "sha256:09027a7803a62ca78792ad89403b1b7a73a01c8cb65909cd876f7fcebd79b161",
                "sha256:09c4b7f37d6c648cb13f9230d847adf22f8171b1ccc4d5682398e77f40309235",
                "sha256:1027c282dad077d0bae18be6794e6b6b8c91d58ed8a8d89a89d59693b9131db5",
                "sha256:13d3144e1e340870b25e7b10b98d779608c02016d5184cfb9927a9f10c689f42",
                "sha256:195d7d2c4fbb0ee8139a6cf67194f3973a6b3042d742ebe0a9ed36d8b6f0c07f",
                "sha256:22c178a091fc6630d0d045bdb5992d2dfe14e3259760e713c490da5323866c39",
                "sha256:24982cc2533820871eba85ba648cd53d8623687ff11cbb805be4ff7b4c971aff",
                "sha256:29872e92839765e546828bb7754a68c418d927cd064fd4708fab9fe9c8bb116b",
                "sha256:2beec1e0de6924ea551859edb9e7679da6e4870d32cb766240ce17e0a0ba2014",
                "sha256:3b8a6499709d29c2e2399569d96719a1b21dcd94410a586a18526b143ec8470f",
                "sha256:43a55c2930bbc139570ac2452adf3d70cdbb3cfe5912c71cdce1c2c6bbd9c5d1",
                "sha256:46c99d2de99945ec5cb54f23c8cd5689f6d7177305ebff350a58ce5f8de1669e",
                "sha256:500d4957e52ddc3351cabf489e79c91c17f6e0899158447047588650b5e69183",
                "sha256:535f6fc4d397c1563d08b88e485c3496cf5784e927af890fb3c3aac7f933ec66",
                "sha256:596510de112c685489095da617b5bcbbac7dd6384aeebeda4df6025d0256a81b",
                "sha256:62fe6c95e3ec8a7fad637b7f3d372c15ec1caa01ab47926cfdf7a75b40e0eac1",
                "sha256:6788b695d50a51edb699cb55e35487e430fa21f1ed838122d722e0ff0ac5ba15",
                "sha256:6dd73240d2af64df90aa7c4e7481e23825ea70af4b4922f8ede5b9e35f78a3b1",
                "sha256:6f1e273a344928347c1290119b493a1f0303c52f5a5eae5f16d74f48c15d4a85",
                "sha256:6fffc775d90dcc9aed1b89219549b329a9250d918fd0b8fa8d93d154918422e1",
                "sha256:717ba8fe3ae9cc0006d7c451f0bb265ee07739daf76355d06366154ee68d221e",
                "sha256:79855e1c5b8da654cf486b830bd42c06e8780cea587384cf6545b7d9ac013a0b",
                "sha256:7c1699dfe0cf8ff607dbdcc1e9b9af1755371f92a68f706051cc8c37d447c905",
                "sha256:7fed13866cf14bba33e7176717346713881f56d9d2bcebab207f7a036f41b850",
                "sha256:84dee80c15f1b560d55bcfe6d47b27d070b4681c699c572af2e3c7cc90a3b8e0",
                "sha256:88e5fcfb52ee7b911e8bb6d6aa2fd21fbecc674eadd44118a9cc3863f938e735",
                "sha256:8defac2f2ccd6805ebf65f5eeb132adcf2ab57aa11fdf4c0dd5169a004710e7d",
                "sha256:98bae9582248d6cf62321dcb52aaf5d9adf0bad3b40582925ef7c7f0ed85fceb",
                "sha256:98c7086708b163d425c67c7a91bad6e466bb99d797aa64f965e9d25c12111a5e",
                "sha256:9add70b36c5666a2ed02b43b335fe19002ee5235efd4b8a89bfcf9005bebac0d",
                "sha256:9bf40443012702a1d2070043cb6291650a0841ece432556f784f004937f0f32c",
                "sha256:a6a744282b7718a2a62d2ed9d993cad6f5f585605ad352c11de459f4108df0a1",
                "sha256:acf08ac40292838b3cbbb06cfe9b2cb9ec78fce8baca31ddb87aaac2e2dc3bc2",
                "sha256:ade5e387d2ad0d7ebf59146cc00c8044acbd863725f887353a10df825fc8ae21",
                "sha256:b00c1de48212e4cc9603895652c5c410df699856a2853135b3967591e4beebc2",
                "sha256:b1282f8c00509d99fef04d8ba936b156d419be841854fe901d8ae224c59f0be5",
                "sha256:b1dba4527182c95a0db8b6060cc98ac49b9e2f5e64320e2b56e47cb2831978c7",
                "sha256:b2051432115498d3562c084a49bba65d97cf251f5a331c64a12ee7e04dacc51b",
                "sha256:b7d644ddb4dbd407d31ffb699f1d140bc35478da613b441c582aeb7c43838dd8",
                "sha256:ba59edeaa2fc6114428f1637ffff42da1e311e29382d81b339c1817d37ec93c6",
                "sha256:bf5aa3cbcfdf57fa2ee9cd1822c862ef23037f5c832ad09cfea57fa846dec193",
                "sha256:c8716a48d94b06bb3b2524c2b77e055fb313aeb4ea620c8dd03a105574ba704f",
                "sha256:caabedc8323f1e93231b52fc32bdcde6db817623d33e100708d9a68e1f53b26b",
                "sha256:cd5df75523866410809ca100dc9681e301e3c27567cf498077e8551b6d20e42f",
                "sha256:cdb132fc825c38e1aeec2c8aa9338310d29d337bebbd7baa06889d09a60a1fa2",
                "sha256:d53bc011414228441014aa71dbec320c66468c1030aae3a6e29778a3382d96e5",
                "sha256:d73a845f227b0bfe8a7455ee623525ee656a9e2e749e4742706d80a6065d5e2c",
                "sha256:d9be0ba6c527163cbed5e0857c451fcd092ce83947944d6c14bc95441203f032",
                "sha256:e249096428b3ae81b08327a63a485ad0878de3fb939049038579ac0ef61e17e7",
                "sha256:e8313f01ba26fbbe36c7be1966a7b7424942f670f38e666995b88d012765b9be",
                "sha256:feb7b34d6325451ef96bc0e36e1a6c0c1c64bc1fbec4b854f4529e51887b1621"
            ],
            "version": "==1.1.1"
        },
        "marshmallow": {
            "hashes": [
                "sha256:0ba81b6da4ae69eb229b74b3c741ff13fe04fb899824377b1aff5aaa1a9fd46e",
                "sha256:3e53dd9e9358977a3929e45cdbe4a671f9eff53a7d6a23f33ed3eab8c1890d8f"
            ],
            "index": "pypi",
            "version": "==3.3.0"
        },
        "marshmallow-enum": {
            "hashes": [
                "sha256:38e697e11f45a8e64b4a1e664000897c659b60aa57bfa18d44e226a9920b6e58",
                "sha256:57161ab3dbfde4f57adeb12090f39592e992b9c86d206d02f6bd03ebec60f072"
            ],
            "index": "pypi",
            "version": "==1.5.1"
        },
        "mongoengine": {
            "hashes": [
                "sha256:136d93af442d867e1d52f90c3d3066112ad91578239d0bf5b8131b3ea15b3d75",
                "sha256:4b5a4aa317a138f09df956deaac1d62c1618af24a27c1826a6893709007d9047"
            ],
            "version": "==0.23.0"
        },
        "mysql-connector-python": {
            "hashes": [
                "sha256:09b001f873cde4257cd5042d34ae7cf51b69fe7cd8cc2cad9e3360d07c13201b",
                "sha256:0a7509141621f924b95f8b7faf1ff1d07e370dd6495bc99ae179cfe9fa792fa8",
                "sha256:1bd83c03f93074fc34fbe5f84f9020e61d05d7be4f0858903e5bb827f1a963d9",
                "sha256:2ad16dc19ad7a58df7affa897576efdbfb56a7ba054ff82be4117f84d5a4ccd4",
                "sha256:31a23bb8c299d7cdad3479ca315bc1d6232743c5c401c191d5a7ad92ecc41b61",
                "sha256:333220c48d34016da73d3f488ccc11a8f381710b8a8ec7b962963c1b8f48420e",
                "sha256:3baa01d76fed035427398690fc75168e25dcdfb4a52e0d5bf5854753eb36b60a",
                "sha256:58c79c204a2b0bc7a0180d38477e5be8312381c6bc93bdacc88a4c5cd50b793f",
                "sha256:5978312d49b06fdb5d4c1ca5f1e177ca85faa0d62e9d53ff758295376c840330",
                "sha256:66ab236b47665f9011c6d85005d0cb5bf8fe56ce0fc848ed7b0bdec955de31a9",
                "sha256:6eba8d6ed5c417411e7666ca8b6611191d17220339ad50cb833d8bd79cfb5472",
                "sha256:7cf6ea204253ad547fa00bfb099a9c0385ef4062e3b0757b499484cfce28d1a5",
                "sha256:8a3cd180c71cb9fcb30af763e51483ba5cedc3ab84e203b2633f0a72bad54d57",
                "sha256:91c64cb73a393c75ce346c1240b77282381e728e6b1ec1a2e7c9fc3da864218f",
                "sha256:95d1c22243adc59372a82ce6e913339a8b617f430ff7ce1b33427c71e109dd39",
                "sha256:a71dd71295cf450a00f9b2b305d213955abd26c2d0605fc27b2694cc93bd7b3b",
                "sha256:b505e76853ef4bbc1dee87c28dc144a5dc65693484cbc4379f156a3c584187d1",
                "sha256:c90618047b5b32de7fa48fb3694764bc157637582fe8dccb66830b76cccb0382",
                "sha256:e5c9105b067d6f7aee697e8fca4ec5dd11954340fd796eb18702a8aa77fe7910",
                "sha256:f22ed9b8abac4b4fab5071ac00a98738c7a97af99ffd05e64013f3fe4bfb2378",
                "sha256:f4f6d67336889e7b4c5d2462b877bc74bfabd37fc68829000e07c58f75989732",
                "sha256:fe3d32782e0d87d6d63be94db41d95833d8a0f0f2874049a7f29cbb2d0dfd965",
                "sha256:fedc6477f85e16897955583f4d1d08f60254a382ab8be986dd569775ea9eba59"
            ],
            "index": "pypi",
            "version": "==8.0.19"
        },
        "nose": {
            "hashes": [
                "sha256:9ff7c6cc443f8c51994b34a667bbcf45afd6d945be7477b52e97516fd17c53ac",
                "sha256:dadcddc0aefbf99eea214e0f1232b94f2fa9bd98fa8353711dacb112bfcbbb2a",
                "sha256:f1bffef9cbc82628f6e7d7b40d7e255aefaa1adb6a1b1d26c69a8b79e6208a98"
            ],
            "version": "==1.3.7"
        },
        "passlib": {
            "hashes": [
                "sha256:68c35c98a7968850e17f1b6892720764cc7eed0ef2b7cb3116a89a28e43fe177",
                "sha256:8d666cef936198bc2ab47ee9b0410c94adf2ba798e5a84bf220be079ae7ab6a8"
            ],
            "index": "pypi",
            "version": "==1.7.2"
        },
        "phonenumbers": {
            "hashes": [
                "sha256:239507184ee5b1b83557005af1d5fcce70f83ae18f5dff45b94a67226db10d63",
                "sha256:aaa19bc1f2c7efbf7a94be33558e0c5b71620377c9271692d3e314c558962460"
            ],
            "index": "pypi",
            "version": "==8.11.1"
        },
        "protobuf": {
            "hashes": [
                "sha256:10394a4d03af7060fa8a6e1cbf38cea44be1467053b0aea5bbfcb4b13c4b88c4",
                "sha256:1489b376b0f364bcc6f89519718c057eb191d7ad6f1b395ffd93d1aa45587811",
                "sha256:1931d8efce896981fe410c802fd66df14f9f429c32a72dd9cfeeac9815ec6444",
                "sha256:196d3a80f93c537f27d2a19a4fafb826fb4c331b0b99110f985119391d170f96",
                "sha256:46e34fdcc2b1f2620172d3a4885128705a4e658b9b62355ae5e98f9ea19f42c2",
                "sha256:4b92e235a3afd42e7493b281c8b80c0c65cbef45de30f43d571d1ee40a1f77ef",
                "sha256:574085a33ca0d2c67433e5f3e9a0965c487410d6cb3406c83bdaf549bfc2992e",
                "sha256:59cd75ded98094d3cf2d79e84cdb38a46e33e7441b2826f3838dcc7c07f82995",
                "sha256:5ee0522eed6680bb5bac5b6d738f7b0923b3cafce8c4b1a039a6107f0841d7ed",
                "sha256:65917cfd5da9dfc993d5684643063318a2e875f798047911a9dd71ca066641c9",
                "sha256:685bc4ec61a50f7360c9fd18e277b65db90105adbf9c79938bd315435e526b90",
                "sha256:92e8418976e52201364a3174e40dc31f5fd8c147186d72380cbda54e0464ee19",
                "sha256:9335f79d1940dfb9bcaf8ec881fb8ab47d7a2c721fb8b02949aab8bbf8b68625",
                "sha256:a7ee3bb6de78185e5411487bef8bc1c59ebd97e47713cba3c460ef44e99b3db9",
                "sha256:ceec283da2323e2431c49de58f80e1718986b79be59c266bb0509cbf90ca5b9e",
                "sha256:fcfc907746ec22716f05ea96b7f41597dfe1a1c088f861efb8a0d4f4196a6f10"
            ],
            "version": "==3.6.1"
        },
        "pyjwt": {
            "hashes": [
                "sha256:5c6eca3c2940464d106b99ba83b00c6add741c9becaec087fb7ccdefea71350e",
                "sha256:8d59a976fb773f3e6a39c85636357c4f0e242707394cadadd9814f5cbaa20e96"
            ],
            "index": "pypi",
            "version": "==1.7.1"
        },
        "pymongo": {
            "hashes": [
                "sha256:0384d76b409278ddb34ac19cdc4664511685959bf719adbdc051875ded4689aa",
                "sha256:05e2bda928a3a6bc6ddff9e5a8579d41928b75d7417b18f9a67c82bb52150ac6",
                "sha256:152e4ac3158b776135d8fce28d2ac06e682b885fcbe86690d66465f262ab244e",
                "sha256:180511abfef70feb022360b35f4863dd68e08334197089201d5c52208de9ca2e",
                "sha256:19d52c60dc37520385f538d6d1a4c40bc398e0885f4ed6a36ce10b631dab2852",
                "sha256:1d559a76ae87143ad96c2ecd6fdd38e691721e175df7ced3fcdc681b4638bca1",
                "sha256:210ec4a058480b9c3869082e52b66d80c4a48eda9682d7a569a1a5a48100ea54",
                "sha256:2163d736d6f62b20753be5da3dc07a188420b355f057fcbb3075b05ee6227b2f",
                "sha256:22ee2c94fee1e391735be63aa1c9af4c69fdcb325ae9e5e4ddff770248ef60a6",
                "sha256:28633868be21a187702a8613913e13d1987d831529358c29fc6f6670413df040",
                "sha256:29390c39ca873737689a0749c9c3257aad96b323439b11279fbc0ba8626ec9c5",
                "sha256:2aeb108da1ed8e066800fb447ba5ae89d560e6773d228398a87825ac3630452d",
                "sha256:322f6cc7bf23a264151ebc5229a92600c4b55ac83c83c91c9bab1ec92c888a8d",
                "sha256:34c15f5798f23488e509eae82fbf749c3d17db74379a88c07c869ece1aa806b9",
                "sha256:3873866534b6527e6863e742eb23ea2a539e3c7ee00ad3f9bec9da27dbaaff6f",
                "sha256:3dbc67754882d740f17809342892f0b24398770bd99d48c5cb5ba89f5f5dee4e",
                "sha256:413b18ac2222f5d961eb8d1c8dcca6c6ca176c8613636d8c13aa23abae7f7a21",
                "sha256:42f9ec9d77358f557fe17cc15e796c4d4d492ede1a30cba3664822cae66e97c5",
                "sha256:4ac387ac1be71b798d1c372a924f9c30352f30e684e06f086091297352698ac0",
                "sha256:4ca92e15fcf02e02e7c24b448a16599b98c9d0e6a46cd85cc50804450ebf7245",
                "sha256:4d959e929cec805c2bf391418b1121590b4e7d5cb00af7b1ba521443d45a0918",
                "sha256:5091aacbdb667b418b751157f48f6daa17142c4f9063d58e5a64c90b2afbdf9a",
                "sha256:5a03ae5ac85b04b2034a0689add9ff597b16d5e24066a87f6ab0e9fa67049156",
                "sha256:5e1341276ce8b7752db9aeac6bbb0cbe82a3f6a6186866bf6b4906d8d328d50b",
                "sha256:6043d251fac27ca04ff22ed8deb5ff7a43dc18e8a4a15b4c442d2a20fa313162",
                "sha256:610d5cbbfd026e2f6d15665af51e048e49b68363fedece2ed318cc8fe080dd94",
                "sha256:622a5157ffcd793d305387c1c9fb94185f496c8c9fd66dafb59de0807bc14ad7",
                "sha256:65b67637f0a25ac9d25efb13c1578eb065870220ffa82f132c5b2d8e43ac39c3",
                "sha256:66573c8c7808cce4f3b56c23cb7cad6c3d7f4c464b9016d35f5344ad743896d7",
                "sha256:66b688fc139c6742057795510e3b12c4acbf90d11af1eff9689a41d9c84478d6",
                "sha256:685b884fa41bd2913fd20af85866c4ff886b7cbb7e4833b918996aa5d45a04be",
                "sha256:6a5834e392c97f19f36670e34bf9d346d733ad89ee0689a6419dd737dfa4308a",
                "sha256:728313cc0d59d1a1a004f675607dcf5c711ced3f55e75d82b3f264fd758869f3",
                "sha256:733e1cfffc4cd99848230e2999c8a86e284c6af6746482f8ad2ad554dce14e39",
                "sha256:7814b2cf23aad23464859973c5cd2066ca2fd99e0b934acefbb0b728ac2525bf",
                "sha256:7c77801620e5e75fb9c7abae235d3cc45d212a67efa98f4972eef63e736a8daa",
                "sha256:7cd42c66d49ffb68dea065e1c8a4323e7ceab386e660fee9863d4fa227302ba9",
                "sha256:7d2ae2f7c50adec20fde46a73465de31a6a6fbb4903240f8b7304549752ca7a1",
                "sha256:87981008d565f647142869d99915cc4760b7725858da3d39ecb2a606e23f36fd",
                "sha256:92e2376ce3ca0e3e443b3c5c2bb5d584c7e59221edfb0035313c6306049ba55a",
                "sha256:950710f7370613a6bfa2ccd842b488c5b8072e83fb6b7d45d99110bf44651d06",
                "sha256:980527f4ccc6644855bb68056fe7835da6d06d37776a52df5bcc1882df57c3db",
                "sha256:9fbffc5bad4df99a509783cbd449ed0d24fcd5a450c28e7756c8f20eda3d2aa5",
                "sha256:a8b02e0119d6ee381a265d8d2450a38096f82916d895fed2dfd81d4c7a54d6e4",
                "sha256:b17e627844d86031c77147c40bf992a6e1114025a460874deeda6500d0f34862",
                "sha256:b1aa62903a2c5768b0001632efdea2e8da6c80abdd520c2e8a16001cc9affb23",
                "sha256:b32e4eed2ef19a20dfb57698497a9bc54e74efb2e260c003e9056c145f130dc7",
                "sha256:b44fa04720bbfd617b6aef036989c8c30435f11450c0a59136291d7b41ed647f",
                "sha256:b4535d98df83abebb572035754fb3d4ad09ce7449375fa09fa9ede2dbc87b62b",
                "sha256:bb6a5777bf558f444cd4883d617546182cfeff8f2d4acd885253f11a16740534",
                "sha256:bc2eb67387b8376120a2be6cba9d23f9d6a6c3828e00fb0a64c55ad7b54116d1",
                "sha256:bd351ceb2decd23d523fc50bad631ee9ae6e97e7cdc355ce5600fe310484f96e",
                "sha256:bf70097bd497089f1baabf9cbb3ec4f69c022dc7a70c41ba9c238fa4d0fff7ab",
                "sha256:c7fd18d4b7939408df9315fedbdb05e179760960a92b3752498e2fcd03f24c3d",
                "sha256:cc359e408712faf9ea775f4c0ec8f2bfc843afe47747a657808d9595edd34d71",
                "sha256:cd8fc35d4c0c717cc29b0cb894871555cb7137a081e179877ecc537e2607f0b9",
                "sha256:daa44cefde19978af57ac1d50413cd86ebf2b497328e7a27832f5824bda47439",
                "sha256:db5098587f58fbf8582d9bda2462762b367207246d3e19623782fb449c3c5fcc",
                "sha256:db6fd53ef5f1914ad801830406440c3bfb701e38a607eda47c38adba267ba300",
                "sha256:e1414599a97554d451e441afb362dbee1505e4550852c0068370d843757a3fe2",
                "sha256:ee42a8f850143ae7c67ea09a183a6a4ad8d053e1dbd9a1134e21a7b5c1bc6c73",
                "sha256:f23abcf6eca5859a2982beadfb5111f8c5e76e30ff99aaee3c1c327f814f9f10",
                "sha256:f6748c447feeadda059719ef5ab1fb9d84bd370e205b20049a0e8b45ef4ad593"
            ],
            "version": "==3.11.3"
        },
        "pyrsistent": {
            "hashes": [
                "sha256:2e636185d9eb976a18a8a8e96efce62f2905fea90041958d8cc2a189756ebf3e"
            ],
            "version": "==0.17.3"
        },
        "python-dateutil": {
            "hashes": [
                "sha256:73ebfe9dbf22e832286dafa60473e4cd239f8592f699aa5adaf10050e6e1823c",
                "sha256:75bb3f31ea686f1197762692a9ee6a7550b59fc6ca3a1f4b5d7e32fb98e2da2a"
            ],
            "version": "==2.8.1"
        },
        "python-editor": {
            "hashes": [
                "sha256:1bf6e860a8ad52a14c3ee1252d5dc25b2030618ed80c022598f00176adc8367d",
                "sha256:51fda6bcc5ddbbb7063b2af7509e43bd84bfc32a4ff71349ec7847713882327b",
                "sha256:5f98b069316ea1c2ed3f67e7f5df6c0d8f10b689964a4a811ff64f0106819ec8"
            ],
            "version": "==1.0.4"
        },
        "pytz": {
            "hashes": [
                "sha256:83a4a90894bf38e243cf052c8b58f381bfe9a7a483f6a9cab140bc7f702ac4da",
                "sha256:eb10ce3e7736052ed3623d49975ce333bcd712c7bb19a58b9e2089d4057d0798"
            ],
            "version": "==2021.1"
        },
        "requests": {
            "hashes": [
                "sha256:27973dd4a904a4f13b263a19c866c13b92a39ed1c964655f025f3f8d3d75b804",
                "sha256:c210084e36a42ae6b9219e00e48287def368a26d03a048ddad7bfee44f75871e"
            ],
            "version": "==2.25.1"
        },
        "six": {
            "hashes": [
                "sha256:30639c035cdb23534cd4aa2dd52c3bf48f06e5f4a941509c8bafd8ce11080259",
                "sha256:8b74bedcbbbaca38ff6d7491d76f2b06b3592611af620f8426e82dddb04a5ced"
            ],
            "version": "==1.15.0"
        },
        "sqlalchemy": {
            "hashes": [
                "sha256:01b610951c83452ee5e7d912c4ed9db4538b15d66e96ca6696ec38f0c5ce2908",
                "sha256:0646a4caab207279532ffd3f173b4756ae3863f3a94e369b7d1b82831a7ad433",
                "sha256:0c839000817201310a51af390545d7b316fafd6969ef250dad0a6d28c025214d",
                "sha256:1bc9ea9e54bbaf65fece8b719f56472748f75777806f4f5fadd8112a165eab19",
                "sha256:1bdf65dc5263be4651aa34ebe07aa035c61421f145b0d43f4c0b1f3c33bec673",
                "sha256:1e8a884d766fcc918199576bf37f1870327582640fa3302489d7415d815be8a9",
                "sha256:2b35206c11c415448caf5b7abddbfac6acbe37f79832ae2d1be013f0dfe252ea",
                "sha256:4b749cdedf1afb613c3d31235258110e1f36231c15df9b8b63b3f13c712e4790",
                "sha256:4c8c335b072967da27fef54fb53e74fadadd7d2167c5eb98f0bfb4bfeb3a6948",
                "sha256:5ffbd23ac4324e64a100310cd2cab6534f972ecf26bf3652e6847187c2e9e72d",
                "sha256:691568d8238c756011d97a655a76820715cbc0295b7d294aa2f1d62fb0be4361",
                "sha256:6b77880e23d3758db7ad65732304ab1c3a42f0cd20505f4a211750862563a161",
                "sha256:89e755688476b7a925554a1e8a756e0dd6124dfb8fac80470a90cd8424326bee",
                "sha256:8c71a80a5474e6e9c9bbf1957ab1c73cdece9d33cfb26d9ea6e7aed41f535cd6",
                "sha256:968e8cf7f269eaeed1b753cb5df4112be998c933df39421229fc7726c413672c",
                "sha256:a21f41c4cdb76d7f68a6986b9f5c56bdc8eafbc366893d1031df0c367e832388",
                "sha256:a4c9c947fc08d2ac48116c64b7dfbac22b9896619cb74923ba59876504ff6256",
                "sha256:ac4a48e49e863a4d00d8a5ec94ff5540de1f5bcf96d8d54273a75c3278d8b4af",
                "sha256:ac7db7276c0807db73b58984d630404ab294c4ca59cf16157fdc15894dec4507",
                "sha256:aeb389136f3a39399ebb8e8ee17beba18d361cde9638059cfbf7e896354412b7",
                "sha256:aec20f0ec5788bee91ecf667e9e30e5ed0add9233b63b0e34e916b21eb5bc850",
                "sha256:b1d513ebb16a204c87296d774c2317950191583b34032540948f20096b63efe4",
                "sha256:b4bf83b05056349265b40de37c836517649ea9edd174301072f5a58c7b374f94",
                "sha256:b58f09f4ea42a92e0a8923f4598001f8935bd2ed0c4c6abb9903c5b4cd0d4015",
                "sha256:b7ed6ce2e32a68a3b417a848a409ed5b7e4c8e5fa8911b06c77a6be1cc767658",
                "sha256:c9047989b8645d8830067dddb2bda544c625419b22b0f546660fd0bfe73341f6",
                "sha256:c94fe5ec27dec6a994293d1f194a97fcb904252526bbe72698229ec62c0f7281",
                "sha256:ce5fc1099d194fbecc8d7c038c927d9daf75cbb83b3b314df3e43e308d67c33e",
                "sha256:d5da8fff36593ac96dd3d60a4eb9495a142fb6d3f0ed23baf5567c0ef7aa9b47",
                "sha256:deef50c730ddfb4169417a3a3b6393f1e90b0d5c1e62e1d090c1eb1132529f3f",
                "sha256:e11ccaa08975e414df6a16466377bb11af692b2a62255c3a70c0993cb2d7f2d7",
                "sha256:e815a729b427bd997d681711dc0b22330e445a0a0c47e16b05d2038e814bd29f",
                "sha256:f04acd3840bcf33f941b049e24aeef0be5145b2cd5489a89559c11be2d25e262",
                "sha256:f90a42db44427bf98128d823502e0af3f4b83f208e09a3d51df5c2cd7f2a76cf"
            ],
            "version": "==1.4.12"
        },
        "sqlalchemy-utils": {
            "hashes": [
                "sha256:4e637c88bf3ac5f99b7d72342092a1f636bea1287b2e3e17d441b0413771f86e"
            ],
            "index": "pypi",
            "version": "==0.36.1"
        },
        "typing-extensions": {
            "hashes": [
                "sha256:7cb407020f00f7bfc3cb3e7881628838e69d8f3fcab2f64742a5e76b2f841918",
                "sha256:99d4073b617d30288f569d3f13d2bd7548c3a7e4c8de87db09a9d29bb3a4a60c",
                "sha256:dafc7639cde7f1b6e1acc0f457842a83e722ccca8eef5270af2d74792619a89f"
            ],
            "markers": "python_version < '3.8'",
            "version": "==3.7.4.3"
        },
        "urllib3": {
            "hashes": [
                "sha256:2f3db8b19923a873b3e5256dc9c2dedfa883e33d87c690d9c7913e1f40673cdc",
                "sha256:87716c2d2a7121198ebcb7ce7cccf6ce5e9ba539041cfbaeecfb641dc0bf6acc"
            ],
            "index": "pypi",
            "version": "==1.25.8"
        },
        "utils": {
            "hashes": [
                "sha256:2036f142d6c995f967f7d4114ba6f52fa058b5afb07749ffd6c6d193a279be6a"
            ],
            "index": "pypi",
            "version": "==1.0.0"
        },
        "webargs": {
            "hashes": [
                "sha256:3beca296598067cec24a0b6f91c0afcc19b6e3c4d84ab026b931669628bb47b4",
                "sha256:3f9dc15de183d356c9a0acc159c100ea0506c0c240c1e6f1d8b308c5fed4dbbd",
                "sha256:fa4ad3ad9b38bedd26c619264fdc50d7ae014b49186736bca851e5b5228f2a1b"
            ],
            "index": "pypi",
            "version": "==5.5.2"
        },
        "werkzeug": {
            "hashes": [
                "sha256:2de2a5db0baeae7b2d2664949077c2ac63fbd16d98da0ff71837f7d1dea3fd43",
                "sha256:6c80b1e5ad3665290ea39320b91e1be1e0d5f60652b964a3070216de83d2e47c"
            ],
            "version": "==1.0.1"
        },
        "zipp": {
            "hashes": [
                "sha256:3607921face881ba3e026887d8150cca609d517579abe052ac81fc5aeffdbd76",
                "sha256:51cb66cc54621609dd593d1787f286ee42a5c0adbb4b29abea5a63edc3e03098"
            ],
            "version": "==3.4.1"
        }
    },
    "develop": {
        "python-dotenv": {
            "hashes": [
                "sha256:debd928b49dbc2bf68040566f55cdb3252458036464806f4094487244e2a4093",
                "sha256:f157d71d5fec9d4bd5f51c82746b6344dffa680ee85217c123f4a0c8117c4544"
            ],
            "index": "pypi",
            "version": "==0.10.3"
        }
    }
}
